
Microsoft Visual Studio Solution File, Format Version 12.00
# Visual Studio Version 17
VisualStudioVersion = 17.4.33213.308
MinimumVisualStudioVersion = 10.0.40219.1
Project("{2150E333-8FDC-42A3-9474-1A3956D46DE8}") = "Services", "Services", "{A2EB3E86-6A69-4DC2-BA9E-99E82ABAFDA9}"
EndProject
Project("{2150E333-8FDC-42A3-9474-1A3956D46DE8}") = "Catalog", "Catalog", "{AA9528FF-9644-402C-B10F-BEB1280ACA59}"
EndProject
Project("{9A19103F-16F7-4668-BE54-9A1E7A4F7556}") = "Catalog.API", "Services\Catalog\Catalog.API\Catalog.API.csproj", "{E2477141-EA48-4C0C-99EE-9B79CE43890F}"
EndProject
Project("{E53339B2-1760-4266-BCC7-CA923CBCF16C}") = "docker-compose", "docker-compose.dcproj", "{4601EA29-20D6-49FC-8F7F-AEC5DFD9CF25}"
EndProject
Project("{2150E333-8FDC-42A3-9474-1A3956D46DE8}") = "Basket", "Basket", "{2E880413-C547-4EEE-95EE-DAFB64BB7CD7}"
EndProject
Project("{FAE04EC0-301F-11D3-BF4B-00C04F79EFBC}") = "Basket.API", "..\Services\Basket\Basket.API\Basket.API.csproj", "{258C2940-62D5-4E6C-9F1A-418F91A95A47}"
EndProject
Global
	GlobalSection(SolutionConfigurationPlatforms) = preSolution
		Debug|Any CPU = Debug|Any CPU
		Release|Any CPU = Release|Any CPU
	EndGlobalSection
	GlobalSection(ProjectConfigurationPlatforms) = postSolution
		{E2477141-EA48-4C0C-99EE-9B79CE43890F}.Debug|Any CPU.ActiveCfg = Debug|Any CPU
		{E2477141-EA48-4C0C-99EE-9B79CE43890F}.Debug|Any CPU.Build.0 = Debug|Any CPU
		{E2477141-EA48-4C0C-99EE-9B79CE43890F}.Release|Any CPU.ActiveCfg = Release|Any CPU
		{E2477141-EA48-4C0C-99EE-9B79CE43890F}.Release|Any CPU.Build.0 = Release|Any CPU
		{4601EA29-20D6-49FC-8F7F-AEC5DFD9CF25}.Debug|Any CPU.ActiveCfg = Debug|Any CPU
		{4601EA29-20D6-49FC-8F7F-AEC5DFD9CF25}.Debug|Any CPU.Build.0 = Debug|Any CPU
		{4601EA29-20D6-49FC-8F7F-AEC5DFD9CF25}.Release|Any CPU.ActiveCfg = Release|Any CPU
		{4601EA29-20D6-49FC-8F7F-AEC5DFD9CF25}.Release|Any CPU.Build.0 = Release|Any CPU
		{258C2940-62D5-4E6C-9F1A-418F91A95A47}.Debug|Any CPU.ActiveCfg = Debug|Any CPU
		{258C2940-62D5-4E6C-9F1A-418F91A95A47}.Debug|Any CPU.Build.0 = Debug|Any CPU
		{258C2940-62D5-4E6C-9F1A-418F91A95A47}.Release|Any CPU.ActiveCfg = Release|Any CPU
		{258C2940-62D5-4E6C-9F1A-418F91A95A47}.Release|Any CPU.Build.0 = Release|Any CPU
	EndGlobalSection
	GlobalSection(SolutionProperties) = preSolution
		HideSolutionNode = FALSE
	EndGlobalSection
	GlobalSection(NestedProjects) = preSolution
		{AA9528FF-9644-402C-B10F-BEB1280ACA59} = {A2EB3E86-6A69-4DC2-BA9E-99E82ABAFDA9}
		{E2477141-EA48-4C0C-99EE-9B79CE43890F} = {AA9528FF-9644-402C-B10F-BEB1280ACA59}
		{2E880413-C547-4EEE-95EE-DAFB64BB7CD7} = {A2EB3E86-6A69-4DC2-BA9E-99E82ABAFDA9}
		{258C2940-62D5-4E6C-9F1A-418F91A95A47} = {2E880413-C547-4EEE-95EE-DAFB64BB7CD7}
	EndGlobalSection
	GlobalSection(ExtensibilityGlobals) = postSolution
		SolutionGuid = {88D460ED-46FD-489E-BD81-D12CEB701BCF}
	EndGlobalSection
EndGlobal
